// !$*UTF8*$!
{
	archiveVersion = 1;
	classes = {
	};
	objectVersion = 46;
	objects = {

/* Begin PBXBuildFile section */
		2A5CF3011CC110E000039F01 /* AppDelegate.swift in Sources */ = {isa = PBXBuildFile; fileRef = 2A5CF3001CC110E000039F01 /* AppDelegate.swift */; };
		2A5CF3031CC110E000039F01 /* ViewController.swift in Sources */ = {isa = PBXBuildFile; fileRef = 2A5CF3021CC110E000039F01 /* ViewController.swift */; };
		2A5CF3061CC110E000039F01 /* Main.storyboard in Resources */ = {isa = PBXBuildFile; fileRef = 2A5CF3041CC110E000039F01 /* Main.storyboard */; };
		2A5CF3081CC110E000039F01 /* Assets.xcassets in Resources */ = {isa = PBXBuildFile; fileRef = 2A5CF3071CC110E000039F01 /* Assets.xcassets */; };
		2A5CF30B1CC110E000039F01 /* LaunchScreen.storyboard in Resources */ = {isa = PBXBuildFile; fileRef = 2A5CF3091CC110E000039F01 /* LaunchScreen.storyboard */; };
		2A5CF3161CC110E000039F01 /* HOMEPOKTests.swift in Sources */ = {isa = PBXBuildFile; fileRef = 2A5CF3151CC110E000039F01 /* HOMEPOKTests.swift */; };
		2A5CF3211CC110E000039F01 /* HOMEPOKUITests.swift in Sources */ = {isa = PBXBuildFile; fileRef = 2A5CF3201CC110E000039F01 /* HOMEPOKUITests.swift */; };
/* End PBXBuildFile section */

/* Begin PBXContainerItemProxy section */
		2A5CF3121CC110E000039F01 /* PBXContainerItemProxy */ = {
			isa = PBXContainerItemProxy;
			containerPortal = 2A5CF2F51CC110E000039F01 /* Project object */;
			proxyType = 1;
			remoteGlobalIDString = 2A5CF2FC1CC110E000039F01;
			remoteInfo = HOMEPOK;
		};
		2A5CF31D1CC110E000039F01 /* PBXContainerItemProxy */ = {
			isa = PBXContainerItemProxy;
			containerPortal = 2A5CF2F51CC110E000039F01 /* Project object */;
			proxyType = 1;
			remoteGlobalIDString = 2A5CF2FC1CC110E000039F01;
			remoteInfo = HOMEPOK;
		};
/* End PBXContainerItemProxy section */

/* Begin PBXFileReference section */
		2A5CF2FD1CC110E000039F01 /* HOMEPOK.app */ = {isa = PBXFileReference; explicitFileType = wrapper.application; includeInIndex = 0; path = HOMEPOK.app; sourceTree = BUILT_PRODUCTS_DIR; };
		2A5CF3001CC110E000039F01 /* AppDelegate.swift */ = {isa = PBXFileReference; lastKnownFileType = sourcecode.swift; path = AppDelegate.swift; sourceTree = "<group>"; };
		2A5CF3021CC110E000039F01 /* ViewController.swift */ = {isa = PBXFileReference; lastKnownFileType = sourcecode.swift; path = ViewController.swift; sourceTree = "<group>"; };
		2A5CF3051CC110E000039F01 /* Base */ = {isa = PBXFileReference; lastKnownFileType = file.storyboard; name = Base; path = Base.lproj/Main.storyboard; sourceTree = "<group>"; };
		2A5CF3071CC110E000039F01 /* Assets.xcassets */ = {isa = PBXFileReference; lastKnownFileType = folder.assetcatalog; path = Assets.xcassets; sourceTree = "<group>"; };
		2A5CF30A1CC110E000039F01 /* Base */ = {isa = PBXFileReference; lastKnownFileType = file.storyboard; name = Base; path = Base.lproj/LaunchScreen.storyboard; sourceTree = "<group>"; };
		2A5CF30C1CC110E000039F01 /* Info.plist */ = {isa = PBXFileReference; lastKnownFileType = text.plist.xml; path = Info.plist; sourceTree = "<group>"; };
		2A5CF3111CC110E000039F01 /* HOMEPOKTests.xctest */ = {isa = PBXFileReference; explicitFileType = wrapper.cfbundle; includeInIndex = 0; path = HOMEPOKTests.xctest; sourceTree = BUILT_PRODUCTS_DIR; };
		2A5CF3151CC110E000039F01 /* HOMEPOKTests.swift */ = {isa = PBXFileReference; lastKnownFileType = sourcecode.swift; path = HOMEPOKTests.swift; sourceTree = "<group>"; };
		2A5CF3171CC110E000039F01 /* Info.plist */ = {isa = PBXFileReference; lastKnownFileType = text.plist.xml; path = Info.plist; sourceTree = "<group>"; };
		2A5CF31C1CC110E000039F01 /* HOMEPOKUITests.xctest */ = {isa = PBXFileReference; explicitFileType = wrapper.cfbundle; includeInIndex = 0; path = HOMEPOKUITests.xctest; sourceTree = BUILT_PRODUCTS_DIR; };
		2A5CF3201CC110E000039F01 /* HOMEPOKUITests.swift */ = {isa = PBXFileReference; lastKnownFileType = sourcecode.swift; path = HOMEPOKUITests.swift; sourceTree = "<group>"; };
		2A5CF3221CC110E000039F01 /* Info.plist */ = {isa = PBXFileReference; lastKnownFileType = text.plist.xml; path = Info.plist; sourceTree = "<group>"; };
/* End PBXFileReference section */

/* Begin PBXFrameworksBuildPhase section */
		2A5CF2FA1CC110E000039F01 /* Frameworks */ = {
			isa = PBXFrameworksBuildPhase;
			buildActionMask = 2147483647;
			files = (
			);
			runOnlyForDeploymentPostprocessing = 0;
		};
		2A5CF30E1CC110E000039F01 /* Frameworks */ = {
			isa = PBXFrameworksBuildPhase;
			buildActionMask = 2147483647;
			files = (
			);
			runOnlyForDeploymentPostprocessing = 0;
		};
		2A5CF3191CC110E000039F01 /* Frameworks */ = {
			isa = PBXFrameworksBuildPhase;
			buildActionMask = 2147483647;
			files = (
			);
			runOnlyForDeploymentPostprocessing = 0;
		};
/* End PBXFrameworksBuildPhase section */

/* Begin PBXGroup section */
		2A5CF2F41CC110E000039F01 = {
			isa = PBXGroup;
			children = (
				2A5CF2FF1CC110E000039F01 /* HOMEPOK */,
				2A5CF3141CC110E000039F01 /* HOMEPOKTests */,
				2A5CF31F1CC110E000039F01 /* HOMEPOKUITests */,
				2A5CF2FE1CC110E000039F01 /* Products */,
			);
			sourceTree = "<group>";
		};
		2A5CF2FE1CC110E000039F01 /* Products */ = {
			isa = PBXGroup;
			children = (
				2A5CF2FD1CC110E000039F01 /* HOMEPOK.app */,
				2A5CF3111CC110E000039F01 /* HOMEPOKTests.xctest */,
				2A5CF31C1CC110E000039F01 /* HOMEPOKUITests.xctest */,
			);
			name = Products;
			sourceTree = "<group>";
		};
		2A5CF2FF1CC110E000039F01 /* HOMEPOK */ = {
			isa = PBXGroup;
			children = (
				2A5CF3001CC110E000039F01 /* AppDelegate.swift */,
				2A5CF3021CC110E000039F01 /* ViewController.swift */,
				2A5CF3041CC110E000039F01 /* Main.storyboard */,
				2A5CF3071CC110E000039F01 /* Assets.xcassets */,
				2A5CF3091CC110E000039F01 /* LaunchScreen.storyboard */,
				2A5CF30C1CC110E000039F01 /* Info.plist */,
			);
			path = HOMEPOK;
			sourceTree = "<group>";
		};
		2A5CF3141CC110E000039F01 /* HOMEPOKTests */ = {
			isa = PBXGroup;
			children = (
				2A5CF3151CC110E000039F01 /* HOMEPOKTests.swift */,
				2A5CF3171CC110E000039F01 /* Info.plist */,
			);
			path = HOMEPOKTests;
			sourceTree = "<group>";
		};
		2A5CF31F1CC110E000039F01 /* HOMEPOKUITests */ = {
			isa = PBXGroup;
			children = (
				2A5CF3201CC110E000039F01 /* HOMEPOKUITests.swift */,
				2A5CF3221CC110E000039F01 /* Info.plist */,
			);
			path = HOMEPOKUITests;
			sourceTree = "<group>";
		};
/* End PBXGroup section */

/* Begin PBXNativeTarget section */
		2A5CF2FC1CC110E000039F01 /* HOMEPOK */ = {
			isa = PBXNativeTarget;
			buildConfigurationList = 2A5CF3251CC110E000039F01 /* Build configuration list for PBXNativeTarget "HOMEPOK" */;
			buildPhases = (
				2A5CF2F91CC110E000039F01 /* Sources */,
				2A5CF2FA1CC110E000039F01 /* Frameworks */,
				2A5CF2FB1CC110E000039F01 /* Resources */,
			);
			buildRules = (
			);
			dependencies = (
			);
			name = HOMEPOK;
			productName = HOMEPOK;
			productReference = 2A5CF2FD1CC110E000039F01 /* HOMEPOK.app */;
			productType = "com.apple.product-type.application";
		};
		2A5CF3101CC110E000039F01 /* HOMEPOKTests */ = {
			isa = PBXNativeTarget;
			buildConfigurationList = 2A5CF3281CC110E000039F01 /* Build configuration list for PBXNativeTarget "HOMEPOKTests" */;
			buildPhases = (
				2A5CF30D1CC110E000039F01 /* Sources */,
				2A5CF30E1CC110E000039F01 /* Frameworks */,
				2A5CF30F1CC110E000039F01 /* Resources */,
			);
			buildRules = (
			);
			dependencies = (
				2A5CF3131CC110E000039F01 /* PBXTargetDependency */,
			);
			name = HOMEPOKTests;
			productName = HOMEPOKTests;
			productReference = 2A5CF3111CC110E000039F01 /* HOMEPOKTests.xctest */;
			productType = "com.apple.product-type.bundle.unit-test";
		};
		2A5CF31B1CC110E000039F01 /* HOMEPOKUITests */ = {
			isa = PBXNativeTarget;
			buildConfigurationList = 2A5CF32B1CC110E000039F01 /* Build configuration list for PBXNativeTarget "HOMEPOKUITests" */;
			buildPhases = (
				2A5CF3181CC110E000039F01 /* Sources */,
				2A5CF3191CC110E000039F01 /* Frameworks */,
				2A5CF31A1CC110E000039F01 /* Resources */,
			);
			buildRules = (
			);
			dependencies = (
				2A5CF31E1CC110E000039F01 /* PBXTargetDependency */,
			);
			name = HOMEPOKUITests;
			productName = HOMEPOKUITests;
			productReference = 2A5CF31C1CC110E000039F01 /* HOMEPOKUITests.xctest */;
			productType = "com.apple.product-type.bundle.ui-testing";
		};
/* End PBXNativeTarget section */

/* Begin PBXProject section */
		2A5CF2F51CC110E000039F01 /* Project object */ = {
			isa = PBXProject;
			attributes = {
				LastSwiftUpdateCheck = 0730;
				LastUpgradeCheck = 0730;
				ORGANIZATIONNAME = "Alexander Iashchuk";
				TargetAttributes = {
					2A5CF2FC1CC110E000039F01 = {
						CreatedOnToolsVersion = 7.3;
					};
					2A5CF3101CC110E000039F01 = {
						CreatedOnToolsVersion = 7.3;
						TestTargetID = 2A5CF2FC1CC110E000039F01;
					};
					2A5CF31B1CC110E000039F01 = {
						CreatedOnToolsVersion = 7.3;
						TestTargetID = 2A5CF2FC1CC110E000039F01;
					};
				};
			};
			buildConfigurationList = 2A5CF2F81CC110E000039F01 /* Build configuration list for PBXProject "HOMEPOK" */;
			compatibilityVersion = "Xcode 3.2";
			developmentRegion = English;
			hasScannedForEncodings = 0;
			knownRegions = (
				en,
				Base,
			);
			mainGroup = 2A5CF2F41CC110E000039F01;
			productRefGroup = 2A5CF2FE1CC110E000039F01 /* Products */;
			projectDirPath = "";
			projectRoot = "";
			targets = (
				2A5CF2FC1CC110E000039F01 /* HOMEPOK */,
				2A5CF3101CC110E000039F01 /* HOMEPOKTests */,
				2A5CF31B1CC110E000039F01 /* HOMEPOKUITests */,
			);
		};
/* End PBXProject section */

/* Begin PBXResourcesBuildPhase section */
		2A5CF2FB1CC110E000039F01 /* Resources */ = {
			isa = PBXResourcesBuildPhase;
			buildActionMask = 2147483647;
			files = (
				2A5CF30B1CC110E000039F01 /* LaunchScreen.storyboard in Resources */,
				2A5CF3081CC110E000039F01 /* Assets.xcassets in Resources */,
				2A5CF3061CC110E000039F01 /* Main.storyboard in Resources */,
			);
			runOnlyForDeploymentPostprocessing = 0;
		};
		2A5CF30F1CC110E000039F01 /* Resources */ = {
			isa = PBXResourcesBuildPhase;
			buildActionMask = 2147483647;
			files = (
			);
			runOnlyForDeploymentPostprocessing = 0;
		};
		2A5CF31A1CC110E000039F01 /* Resources */ = {
			isa = PBXResourcesBuildPhase;
			buildActionMask = 2147483647;
			files = (
			);
			runOnlyForDeploymentPostprocessing = 0;
		};
/* End PBXResourcesBuildPhase section */

/* Begin PBXSourcesBuildPhase section */
		2A5CF2F91CC110E000039F01 /* Sources */ = {
			isa = PBXSourcesBuildPhase;
			buildActionMask = 2147483647;
			files = (
				2A5CF3031CC110E000039F01 /* ViewController.swift in Sources */,
				2A5CF3011CC110E000039F01 /* AppDelegate.swift in Sources */,
			);
			runOnlyForDeploymentPostprocessing = 0;
		};
		2A5CF30D1CC110E000039F01 /* Sources */ = {
			isa = PBXSourcesBuildPhase;
			buildActionMask = 2147483647;
			files = (
				2A5CF3161CC110E000039F01 /* HOMEPOKTests.swift in Sources */,
			);
			runOnlyForDeploymentPostprocessing = 0;
		};
		2A5CF3181CC110E000039F01 /* Sources */ = {
			isa = PBXSourcesBuildPhase;
			buildActionMask = 2147483647;
			files = (
				2A5CF3211CC110E000039F01 /* HOMEPOKUITests.swift in Sources */,
			);
			runOnlyForDeploymentPostprocessing = 0;
		};
/* End PBXSourcesBuildPhase section */

/* Begin PBXTargetDependency section */
		2A5CF3131CC110E000039F01 /* PBXTargetDependency */ = {
			isa = PBXTargetDependency;
			target = 2A5CF2FC1CC110E000039F01 /* HOMEPOK */;
			targetProxy = 2A5CF3121CC110E000039F01 /* PBXContainerItemProxy */;
		};
		2A5CF31E1CC110E000039F01 /* PBXTargetDependency */ = {
			isa = PBXTargetDependency;
			target = 2A5CF2FC1CC110E000039F01 /* HOMEPOK */;
			targetProxy = 2A5CF31D1CC110E000039F01 /* PBXContainerItemProxy */;
		};
/* End PBXTargetDependency section */

/* Begin PBXVariantGroup section */
		2A5CF3041CC110E000039F01 /* Main.storyboard */ = {
			isa = PBXVariantGroup;
			children = (
				2A5CF3051CC110E000039F01 /* Base */,
			);
			name = Main.storyboard;
			sourceTree = "<group>";
		};
		2A5CF3091CC110E000039F01 /* LaunchScreen.storyboard */ = {
			isa = PBXVariantGroup;
			children = (
				2A5CF30A1CC110E000039F01 /* Base */,
			);
			name = LaunchScreen.storyboard;
			sourceTree = "<group>";
		};
/* End PBXVariantGroup section */

/* Begin XCBuildConfiguration section */
		2A5CF3231CC110E000039F01 /* Debug */ = {
			isa = XCBuildConfiguration;
			buildSettings = {
				ALWAYS_SEARCH_USER_PATHS = NO;
				CLANG_ANALYZER_NONNULL = YES;
				CLANG_CXX_LANGUAGE_STANDARD = "gnu++0x";
				CLANG_CXX_LIBRARY = "libc++";
				CLANG_ENABLE_MODULES = YES;
				CLANG_ENABLE_OBJC_ARC = YES;
				CLANG_WARN_BOOL_CONVERSION = YES;
				CLANG_WARN_CONSTANT_CONVERSION = YES;
				CLANG_WARN_DIRECT_OBJC_ISA_USAGE = YES_ERROR;
				CLANG_WARN_EMPTY_BODY = YES;
				CLANG_WARN_ENUM_CONVERSION = YES;
				CLANG_WARN_INT_CONVERSION = YES;
				CLANG_WARN_OBJC_ROOT_CLASS = YES_ERROR;
				CLANG_WARN_UNREACHABLE_CODE = YES;
				CLANG_WARN__DUPLICATE_METHOD_MATCH = YES;
				"CODE_SIGN_IDENTITY[sdk=iphoneos*]" = "iPhone Developer";
				COPY_PHASE_STRIP = NO;
				DEBUG_INFORMATION_FORMAT = dwarf;
				ENABLE_STRICT_OBJC_MSGSEND = YES;
				ENABLE_TESTABILITY = YES;
				GCC_C_LANGUAGE_STANDARD = gnu99;
				GCC_DYNAMIC_NO_PIC = NO;
				GCC_NO_COMMON_BLOCKS = YES;
				GCC_OPTIMIZATION_LEVEL = 0;
				GCC_PREPROCESSOR_DEFINITIONS = (
					"DEBUG=1",
					"$(inherited)",
				);
				GCC_WARN_64_TO_32_BIT_CONVERSION = YES;
				GCC_WARN_ABOUT_RETURN_TYPE = YES_ERROR;
				GCC_WARN_UNDECLARED_SELECTOR = YES;
				GCC_WARN_UNINITIALIZED_AUTOS = YES_AGGRESSIVE;
				GCC_WARN_UNUSED_FUNCTION = YES;
				GCC_WARN_UNUSED_VARIABLE = YES;
				IPHONEOS_DEPLOYMENT_TARGET = 9.3;
				MTL_ENABLE_DEBUG_INFO = YES;
				ONLY_ACTIVE_ARCH = YES;
				SDKROOT = iphoneos;
				SWIFT_OPTIMIZATION_LEVEL = "-Onone";
			};
			name = Debug;
		};
		2A5CF3241CC110E000039F01 /* Release */ = {
			isa = XCBuildConfiguration;
			buildSettings = {
				ALWAYS_SEARCH_USER_PATHS = NO;
				CLANG_ANALYZER_NONNULL = YES;
				CLANG_CXX_LANGUAGE_STANDARD = "gnu++0x";
				CLANG_CXX_LIBRARY = "libc++";
				CLANG_ENABLE_MODULES = YES;
				CLANG_ENABLE_OBJC_ARC = YES;
				CLANG_WARN_BOOL_CONVERSION = YES;
				CLANG_WARN_CONSTANT_CONVERSION = YES;
				CLANG_WARN_DIRECT_OBJC_ISA_USAGE = YES_ERROR;
				CLANG_WARN_EMPTY_BODY = YES;
				CLANG_WARN_ENUM_CONVERSION = YES;
				CLANG_WARN_INT_CONVERSION = YES;
				CLANG_WARN_OBJC_ROOT_CLASS = YES_ERROR;
				CLANG_WARN_UNREACHABLE_CODE = YES;
				CLANG_WARN__DUPLICATE_METHOD_MATCH = YES;
				"CODE_SIGN_IDENTITY[sdk=iphoneos*]" = "iPhone Developer";
				COPY_PHASE_STRIP = NO;
				DEBUG_INFORMATION_FORMAT = "dwarf-with-dsym";
				ENABLE_NS_ASSERTIONS = NO;
				ENABLE_STRICT_OBJC_MSGSEND = YES;
				GCC_C_LANGUAGE_STANDARD = gnu99;
				GCC_NO_COMMON_BLOCKS = YES;
				GCC_WARN_64_TO_32_BIT_CONVERSION = YES;
				GCC_WARN_ABOUT_RETURN_TYPE = YES_ERROR;
				GCC_WARN_UNDECLARED_SELECTOR = YES;
				GCC_WARN_UNINITIALIZED_AUTOS = YES_AGGRESSIVE;
				GCC_WARN_UNUSED_FUNCTION = YES;
				GCC_WARN_UNUSED_VARIABLE = YES;
				IPHONEOS_DEPLOYMENT_TARGET = 9.3;
				MTL_ENABLE_DEBUG_INFO = NO;
				SDKROOT = iphoneos;
				VALIDATE_PRODUCT = YES;
			};
			name = Release;
		};
		2A5CF3261CC110E000039F01 /* Debug */ = {
			isa = XCBuildConfiguration;
			buildSettings = {
				ASSETCATALOG_COMPILER_APPICON_NAME = AppIcon;
				INFOPLIST_FILE = HOMEPOK/Info.plist;
				LD_RUNPATH_SEARCH_PATHS = "$(inherited) @executable_path/Frameworks";
				PRODUCT_BUNDLE_IDENTIFIER = com.iashchuk.HOMEPOK;
				PRODUCT_NAME = "$(TARGET_NAME)";
			};
			name = Debug;
		};
		2A5CF3271CC110E000039F01 /* Release */ = {
			isa = XCBuildConfiguration;
			buildSettings = {
				ASSETCATALOG_COMPILER_APPICON_NAME = AppIcon;
				INFOPLIST_FILE = HOMEPOK/Info.plist;
				LD_RUNPATH_SEARCH_PATHS = "$(inherited) @executable_path/Frameworks";
				PRODUCT_BUNDLE_IDENTIFIER = com.iashchuk.HOMEPOK;
				PRODUCT_NAME = "$(TARGET_NAME)";
			};
			name = Release;
		};
		2A5CF3291CC110E000039F01 /* Debug */ = {
			isa = XCBuildConfiguration;
			buildSettings = {
				BUNDLE_LOADER = "$(TEST_HOST)";
				INFOPLIST_FILE = HOMEPOKTests/Info.plist;
				LD_RUNPATH_SEARCH_PATHS = "$(inherited) @executable_path/Frameworks @loader_path/Frameworks";
				PRODUCT_BUNDLE_IDENTIFIER = com.iashchuk.HOMEPOKTests;
				PRODUCT_NAME = "$(TARGET_NAME)";
				TEST_HOST = "$(BUILT_PRODUCTS_DIR)/HOMEPOK.app/HOMEPOK";
			};
			name = Debug;
		};
		2A5CF32A1CC110E000039F01 /* Release */ = {
			isa = XCBuildConfiguration;
			buildSettings = {
				BUNDLE_LOADER = "$(TEST_HOST)";
				INFOPLIST_FILE = HOMEPOKTests/Info.plist;
				LD_RUNPATH_SEARCH_PATHS = "$(inherited) @executable_path/Frameworks @loader_path/Frameworks";
				PRODUCT_BUNDLE_IDENTIFIER = com.iashchuk.HOMEPOKTests;
				PRODUCT_NAME = "$(TARGET_NAME)";
				TEST_HOST = "$(BUILT_PRODUCTS_DIR)/HOMEPOK.app/HOMEPOK";
			};
			name = Release;
		};
		2A5CF32C1CC110E000039F01 /* Debug */ = {
			isa = XCBuildConfiguration;
			buildSettings = {
				INFOPLIST_FILE = HOMEPOKUITests/Info.plist;
				LD_RUNPATH_SEARCH_PATHS = "$(inherited) @executable_path/Frameworks @loader_path/Frameworks";
				PRODUCT_BUNDLE_IDENTIFIER = com.iashchuk.HOMEPOKUITests;
				PRODUCT_NAME = "$(TARGET_NAME)";
				TEST_TARGET_NAME = HOMEPOK;
			};
			name = Debug;
		};
		2A5CF32D1CC110E000039F01 /* Release */ = {
			isa = XCBuildConfiguration;
			buildSettings = {
				INFOPLIST_FILE = HOMEPOKUITests/Info.plist;
				LD_RUNPATH_SEARCH_PATHS = "$(inherited) @executable_path/Frameworks @loader_path/Frameworks";
				PRODUCT_BUNDLE_IDENTIFIER = com.iashchuk.HOMEPOKUITests;
				PRODUCT_NAME = "$(TARGET_NAME)";
				TEST_TARGET_NAME = HOMEPOK;
			};
			name = Release;
		};
/* End XCBuildConfiguration section */

/* Begin XCConfigurationList section */
		2A5CF2F81CC110E000039F01 /* Build configuration list for PBXProject "HOMEPOK" */ = {
			isa = XCConfigurationList;
			buildConfigurations = (
				2A5CF3231CC110E000039F01 /* Debug */,
				2A5CF3241CC110E000039F01 /* Release */,
			);
			defaultConfigurationIsVisible = 0;
			defaultConfigurationName = Release;
		};
		2A5CF3251CC110E000039F01 /* Build configuration list for PBXNativeTarget "HOMEPOK" */ = {
			isa = XCConfigurationList;
			buildConfigurations = (
				2A5CF3261CC110E000039F01 /* Debug */,
				2A5CF3271CC110E000039F01 /* Release */,
			);
			defaultConfigurationIsVisible = 0;
		};
		2A5CF3281CC110E000039F01 /* Build configuration list for PBXNativeTarget "HOMEPOKTests" */ = {
			isa = XCConfigurationList;
			buildConfigurations = (
				2A5CF3291CC110E000039F01 /* Debug */,
				2A5CF32A1CC110E000039F01 /* Release */,
			);
			defaultConfigurationIsVisible = 0;
		};
		2A5CF32B1CC110E000039F01 /* Build configuration list for PBXNativeTarget "HOMEPOKUITests" */ = {
			isa = XCConfigurationList;
			buildConfigurations = (
				2A5CF32C1CC110E000039F01 /* Debug */,
				2A5CF32D1CC110E000039F01 /* Release */,
			);
			defaultConfigurationIsVisible = 0;
		};
/* End XCConfigurationList section */
	};
	rootObject = 2A5CF2F51CC110E000039F01 /* Project object */;
}
